Microsoft Visual Studio Solution File, Format Version 12.00
# Visual Studio 2012
Project("{FAE04EC0-301F-11D3-BF4B-00C04F79EFBC}") = "Floors", "Floors.csproj", "{D6348AC1-DA0B-43DC-B762-C85767D9D211}"
EndProject
Global
	GlobalSection(SolutionConfigurationPlatforms) = preSolution
	Debug|Any CPU = Debug|Any CPU
	ExportDebug|Any CPU = ExportDebug|Any CPU
	ExportRelease|Any CPU = ExportRelease|Any CPU
	EndGlobalSection
	GlobalSection(ProjectConfigurationPlatforms) = postSolution
		{D6348AC1-DA0B-43DC-B762-C85767D9D211}.Debug|Any CPU.ActiveCfg = Debug|Any CPU
		{D6348AC1-DA0B-43DC-B762-C85767D9D211}.Debug|Any CPU.Build.0 = Debug|Any CPU
		{D6348AC1-DA0B-43DC-B762-C85767D9D211}.ExportDebug|Any CPU.ActiveCfg = ExportDebug|Any CPU
		{D6348AC1-DA0B-43DC-B762-C85767D9D211}.ExportDebug|Any CPU.Build.0 = ExportDebug|Any CPU
		{D6348AC1-DA0B-43DC-B762-C85767D9D211}.ExportRelease|Any CPU.ActiveCfg = ExportRelease|Any CPU
		{D6348AC1-DA0B-43DC-B762-C85767D9D211}.ExportRelease|Any CPU.Build.0 = ExportRelease|Any CPU
	EndGlobalSection
EndGlobal
